
Microsoft Visual Studio Solution File, Format Version 12.00
# Visual Studio 2013
VisualStudioVersion = 12.0.40629.0
MinimumVisualStudioVersion = 10.0.40219.1
Project("{E24C65DC-7377-472B-9ABA-BC803B73C61A}") = "eRestuarantWebsite", "http://localhost:62758", "{F77EF49B-EE64-4811-8821-02F7721BE384}"
	ProjectSection(WebsiteProperties) = preProject
		UseIISExpress = "true"
		TargetFrameworkMoniker = ".NETFramework,Version%3Dv4.5"
		ProjectReferences = "{510322e7-3f3f-4583-b54c-d845cb4b110a}|eRestaurantSystem.dll;"
		Debug.AspNetCompiler.VirtualPath = "/localhost_62758"
		Debug.AspNetCompiler.PhysicalPath = "eRestuarantWebsite\"
		Debug.AspNetCompiler.TargetPath = "PrecompiledWeb\localhost_62758\"
		Debug.AspNetCompiler.Updateable = "true"
		Debug.AspNetCompiler.ForceOverwrite = "true"
		Debug.AspNetCompiler.FixedNames = "false"
		Debug.AspNetCompiler.Debug = "True"
		Release.AspNetCompiler.VirtualPath = "/localhost_62758"
		Release.AspNetCompiler.PhysicalPath = "eRestuarantWebsite\"
		Release.AspNetCompiler.TargetPath = "PrecompiledWeb\localhost_62758\"
		Release.AspNetCompiler.Updateable = "true"
		Release.AspNetCompiler.ForceOverwrite = "true"
		Release.AspNetCompiler.FixedNames = "false"
		Release.AspNetCompiler.Debug = "False"
		SlnRelativePath = "eRestuarantWebsite\"
		DefaultWebSiteLanguage = "Visual C#"
	EndProjectSection
EndProject
Project("{FAE04EC0-301F-11D3-BF4B-00C04F79EFBC}") = "eRestaurantSystem", "eRestaurantSystem\eRestaurantSystem.csproj", "{510322E7-3F3F-4583-B54C-D845CB4B110A}"
EndProject
Global
	GlobalSection(SolutionConfigurationPlatforms) = preSolution
		Debug|Any CPU = Debug|Any CPU
		Release|Any CPU = Release|Any CPU
	EndGlobalSection
	GlobalSection(ProjectConfigurationPlatforms) = postSolution
		{F77EF49B-EE64-4811-8821-02F7721BE384}.Debug|Any CPU.ActiveCfg = Debug|Any CPU
		{F77EF49B-EE64-4811-8821-02F7721BE384}.Debug|Any CPU.Build.0 = Debug|Any CPU
		{F77EF49B-EE64-4811-8821-02F7721BE384}.Release|Any CPU.ActiveCfg = Debug|Any CPU
		{F77EF49B-EE64-4811-8821-02F7721BE384}.Release|Any CPU.Build.0 = Debug|Any CPU
		{510322E7-3F3F-4583-B54C-D845CB4B110A}.Debug|Any CPU.ActiveCfg = Debug|Any CPU
		{510322E7-3F3F-4583-B54C-D845CB4B110A}.Debug|Any CPU.Build.0 = Debug|Any CPU
		{510322E7-3F3F-4583-B54C-D845CB4B110A}.Release|Any CPU.ActiveCfg = Release|Any CPU
		{510322E7-3F3F-4583-B54C-D845CB4B110A}.Release|Any CPU.Build.0 = Release|Any CPU
	EndGlobalSection
	GlobalSection(SolutionProperties) = preSolution
		HideSolutionNode = FALSE
	EndGlobalSection
EndGlobal
